{
  "requires": true,
  "lockfileVersion": 1,
  "dependencies": {
    "@types/three": {
      "version": "0.89.11",
      "resolved": "https://registry.npmjs.org/@types/three/-/three-0.89.11.tgz",
      "integrity": "sha512-yNolUvtRYoLr0B/fK+iUmm4+Hj/CmI0peoxL8BDSJa6n1B3NQTc5YvUyvstgc7KQhcwY7QZpuhY2x/ar2Bp5dQ==",
      "requires": {
        "@types/webvr-api": "0.0.31"
      }
    },
    "@types/webvr-api": {
      "version": "0.0.31",
      "resolved": "https://registry.npmjs.org/@types/webvr-api/-/webvr-api-0.0.31.tgz",
      "integrity": "sha1-9gYf6IoDXTSotqDFX4dYkB7IoI4="
    }
  }
}
